// !$*UTF8*$!
{
	archiveVersion = 1;
	classes = {
	};
	objectVersion = 46;
	objects = {

/* Begin PBXBuildFile section */
		6EEC25891B84DEBF00E6A6AB /* AppDelegate.swift in Sources */ = {isa = PBXBuildFile; fileRef = 6EEC25881B84DEBF00E6A6AB /* AppDelegate.swift */; };
		6EEC258B1B84DEBF00E6A6AB /* ViewController.swift in Sources */ = {isa = PBXBuildFile; fileRef = 6EEC258A1B84DEBF00E6A6AB /* ViewController.swift */; };
		6EEC258E1B84DEBF00E6A6AB /* Main.storyboard in Resources */ = {isa = PBXBuildFile; fileRef = 6EEC258C1B84DEBF00E6A6AB /* Main.storyboard */; };
		6EEC25901B84DEBF00E6A6AB /* Images.xcassets in Resources */ = {isa = PBXBuildFile; fileRef = 6EEC258F1B84DEBF00E6A6AB /* Images.xcassets */; };
		6EEC25931B84DEBF00E6A6AB /* LaunchScreen.xib in Resources */ = {isa = PBXBuildFile; fileRef = 6EEC25911B84DEBF00E6A6AB /* LaunchScreen.xib */; };
		6EEC259F1B84DEBF00E6A6AB /* MapudungunTests.swift in Sources */ = {isa = PBXBuildFile; fileRef = 6EEC259E1B84DEBF00E6A6AB /* MapudungunTests.swift */; };
		8AFA774C1B8EA5D800BA2348 /* background.png in Resources */ = {isa = PBXBuildFile; fileRef = 8AFA77461B8EA5D800BA2348 /* background.png */; };
		8AFA774D1B8EA5D800BA2348 /* change.png in Resources */ = {isa = PBXBuildFile; fileRef = 8AFA77471B8EA5D800BA2348 /* change.png */; };
		8AFA774E1B8EA5D800BA2348 /* restart.png in Resources */ = {isa = PBXBuildFile; fileRef = 8AFA77481B8EA5D800BA2348 /* restart.png */; };
		8AFA774F1B8EA5D800BA2348 /* share.png in Resources */ = {isa = PBXBuildFile; fileRef = 8AFA77491B8EA5D800BA2348 /* share.png */; };
		8AFA77501B8EA5D800BA2348 /* star_outline.png in Resources */ = {isa = PBXBuildFile; fileRef = 8AFA774A1B8EA5D800BA2348 /* star_outline.png */; };
		8AFA77511B8EA5D800BA2348 /* star.png in Resources */ = {isa = PBXBuildFile; fileRef = 8AFA774B1B8EA5D800BA2348 /* star.png */; };
		8AFA77561B8EA7B600BA2348 /* ic_launcher_hdpi.png in Resources */ = {isa = PBXBuildFile; fileRef = 8AFA77551B8EA7B600BA2348 /* ic_launcher_hdpi.png */; };
		8AFA77581B8EA7D200BA2348 /* ic_launcher_xxxhdpi.png in Resources */ = {isa = PBXBuildFile; fileRef = 8AFA77571B8EA7D200BA2348 /* ic_launcher_xxxhdpi.png */; };
		8AFA775A1B8EA7D800BA2348 /* ic_launcher_xxhdpi.png in Resources */ = {isa = PBXBuildFile; fileRef = 8AFA77591B8EA7D800BA2348 /* ic_launcher_xxhdpi.png */; };
		8AFA775C1B8EA7E100BA2348 /* ic_launcher_xhdpi.png in Resources */ = {isa = PBXBuildFile; fileRef = 8AFA775B1B8EA7E100BA2348 /* ic_launcher_xhdpi.png */; };
		8AFA775E1B8EA7E700BA2348 /* ic_launcher_mdpi.png in Resources */ = {isa = PBXBuildFile; fileRef = 8AFA775D1B8EA7E700BA2348 /* ic_launcher_mdpi.png */; };
/* End PBXBuildFile section */

/* Begin PBXContainerItemProxy section */
		6EEC25991B84DEBF00E6A6AB /* PBXContainerItemProxy */ = {
			isa = PBXContainerItemProxy;
			containerPortal = 6EEC257B1B84DEBF00E6A6AB /* Project object */;
			proxyType = 1;
			remoteGlobalIDString = 6EEC25821B84DEBF00E6A6AB;
			remoteInfo = Mapudungun;
		};
/* End PBXContainerItemProxy section */

/* Begin PBXFileReference section */
		6EEC25831B84DEBF00E6A6AB /* Mapudungun.app */ = {isa = PBXFileReference; explicitFileType = wrapper.application; includeInIndex = 0; path = Mapudungun.app; sourceTree = BUILT_PRODUCTS_DIR; };
		6EEC25871B84DEBF00E6A6AB /* Info.plist */ = {isa = PBXFileReference; lastKnownFileType = text.plist.xml; path = Info.plist; sourceTree = "<group>"; };
		6EEC25881B84DEBF00E6A6AB /* AppDelegate.swift */ = {isa = PBXFileReference; lastKnownFileType = sourcecode.swift; path = AppDelegate.swift; sourceTree = "<group>"; };
		6EEC258A1B84DEBF00E6A6AB /* ViewController.swift */ = {isa = PBXFileReference; lastKnownFileType = sourcecode.swift; path = ViewController.swift; sourceTree = "<group>"; };
		6EEC258D1B84DEBF00E6A6AB /* Base */ = {isa = PBXFileReference; lastKnownFileType = file.storyboard; name = Base; path = Base.lproj/Main.storyboard; sourceTree = "<group>"; };
		6EEC258F1B84DEBF00E6A6AB /* Images.xcassets */ = {isa = PBXFileReference; lastKnownFileType = folder.assetcatalog; path = Images.xcassets; sourceTree = "<group>"; };
		6EEC25921B84DEBF00E6A6AB /* Base */ = {isa = PBXFileReference; lastKnownFileType = file.xib; name = Base; path = Base.lproj/LaunchScreen.xib; sourceTree = "<group>"; };
		6EEC25981B84DEBF00E6A6AB /* MapudungunTests.xctest */ = {isa = PBXFileReference; explicitFileType = wrapper.cfbundle; includeInIndex = 0; path = MapudungunTests.xctest; sourceTree = BUILT_PRODUCTS_DIR; };
		6EEC259D1B84DEBF00E6A6AB /* Info.plist */ = {isa = PBXFileReference; lastKnownFileType = text.plist.xml; path = Info.plist; sourceTree = "<group>"; };
		6EEC259E1B84DEBF00E6A6AB /* MapudungunTests.swift */ = {isa = PBXFileReference; lastKnownFileType = sourcecode.swift; path = MapudungunTests.swift; sourceTree = "<group>"; };
		8AFA77461B8EA5D800BA2348 /* background.png */ = {isa = PBXFileReference; lastKnownFileType = image.png; path = background.png; sourceTree = "<group>"; };
		8AFA77471B8EA5D800BA2348 /* change.png */ = {isa = PBXFileReference; lastKnownFileType = image.png; path = change.png; sourceTree = "<group>"; };
		8AFA77481B8EA5D800BA2348 /* restart.png */ = {isa = PBXFileReference; lastKnownFileType = image.png; path = restart.png; sourceTree = "<group>"; };
		8AFA77491B8EA5D800BA2348 /* share.png */ = {isa = PBXFileReference; lastKnownFileType = image.png; path = share.png; sourceTree = "<group>"; };
		8AFA774A1B8EA5D800BA2348 /* star_outline.png */ = {isa = PBXFileReference; lastKnownFileType = image.png; path = star_outline.png; sourceTree = "<group>"; };
		8AFA774B1B8EA5D800BA2348 /* star.png */ = {isa = PBXFileReference; lastKnownFileType = image.png; path = star.png; sourceTree = "<group>"; };
		8AFA77531B8EA6CA00BA2348 /* Roboto-Light.ttf */ = {isa = PBXFileReference; lastKnownFileType = file; path = "Roboto-Light.ttf"; sourceTree = "<group>"; };
		8AFA77541B8EA6CA00BA2348 /* Roboto-Regular.ttf */ = {isa = PBXFileReference; lastKnownFileType = file; path = "Roboto-Regular.ttf"; sourceTree = "<group>"; };
		8AFA77551B8EA7B600BA2348 /* ic_launcher_hdpi.png */ = {isa = PBXFileReference; lastKnownFileType = image.png; path = ic_launcher_hdpi.png; sourceTree = "<group>"; };
		8AFA77571B8EA7D200BA2348 /* ic_launcher_xxxhdpi.png */ = {isa = PBXFileReference; lastKnownFileType = image.png; path = ic_launcher_xxxhdpi.png; sourceTree = "<group>"; };
		8AFA77591B8EA7D800BA2348 /* ic_launcher_xxhdpi.png */ = {isa = PBXFileReference; lastKnownFileType = image.png; path = ic_launcher_xxhdpi.png; sourceTree = "<group>"; };
		8AFA775B1B8EA7E100BA2348 /* ic_launcher_xhdpi.png */ = {isa = PBXFileReference; lastKnownFileType = image.png; path = ic_launcher_xhdpi.png; sourceTree = "<group>"; };
		8AFA775D1B8EA7E700BA2348 /* ic_launcher_mdpi.png */ = {isa = PBXFileReference; lastKnownFileType = image.png; path = ic_launcher_mdpi.png; sourceTree = "<group>"; };
/* End PBXFileReference section */

/* Begin PBXFrameworksBuildPhase section */
		6EEC25801B84DEBF00E6A6AB /* Frameworks */ = {
			isa = PBXFrameworksBuildPhase;
			buildActionMask = 2147483647;
			files = (
			);
			runOnlyForDeploymentPostprocessing = 0;
		};
		6EEC25951B84DEBF00E6A6AB /* Frameworks */ = {
			isa = PBXFrameworksBuildPhase;
			buildActionMask = 2147483647;
			files = (
			);
			runOnlyForDeploymentPostprocessing = 0;
		};
/* End PBXFrameworksBuildPhase section */

/* Begin PBXGroup section */
		6EEC257A1B84DEBF00E6A6AB = {
			isa = PBXGroup;
			children = (
				6EEC25851B84DEBF00E6A6AB /* Mapudungun */,
				6EEC259B1B84DEBF00E6A6AB /* MapudungunTests */,
				6EEC25841B84DEBF00E6A6AB /* Products */,
				8AFA77521B8EA5E800BA2348 /* Assets */,
			);
			sourceTree = "<group>";
		};
		6EEC25841B84DEBF00E6A6AB /* Products */ = {
			isa = PBXGroup;
			children = (
				6EEC25831B84DEBF00E6A6AB /* Mapudungun.app */,
				6EEC25981B84DEBF00E6A6AB /* MapudungunTests.xctest */,
			);
			name = Products;
			sourceTree = "<group>";
		};
		6EEC25851B84DEBF00E6A6AB /* Mapudungun */ = {
			isa = PBXGroup;
			children = (
				6EEC25881B84DEBF00E6A6AB /* AppDelegate.swift */,
				6EEC258A1B84DEBF00E6A6AB /* ViewController.swift */,
				6EEC258C1B84DEBF00E6A6AB /* Main.storyboard */,
				6EEC258F1B84DEBF00E6A6AB /* Images.xcassets */,
				6EEC25911B84DEBF00E6A6AB /* LaunchScreen.xib */,
				6EEC25861B84DEBF00E6A6AB /* Supporting Files */,
			);
			path = Mapudungun;
			sourceTree = "<group>";
		};
		6EEC25861B84DEBF00E6A6AB /* Supporting Files */ = {
			isa = PBXGroup;
			children = (
				6EEC25871B84DEBF00E6A6AB /* Info.plist */,
			);
			name = "Supporting Files";
			sourceTree = "<group>";
		};
		6EEC259B1B84DEBF00E6A6AB /* MapudungunTests */ = {
			isa = PBXGroup;
			children = (
				6EEC259E1B84DEBF00E6A6AB /* MapudungunTests.swift */,
				6EEC259C1B84DEBF00E6A6AB /* Supporting Files */,
			);
			path = MapudungunTests;
			sourceTree = "<group>";
		};
		6EEC259C1B84DEBF00E6A6AB /* Supporting Files */ = {
			isa = PBXGroup;
			children = (
				6EEC259D1B84DEBF00E6A6AB /* Info.plist */,
			);
			name = "Supporting Files";
			sourceTree = "<group>";
		};
		8AFA77521B8EA5E800BA2348 /* Assets */ = {
			isa = PBXGroup;
			children = (
				8AFA77461B8EA5D800BA2348 /* background.png */,
				8AFA77471B8EA5D800BA2348 /* change.png */,
				8AFA77481B8EA5D800BA2348 /* restart.png */,
				8AFA77491B8EA5D800BA2348 /* share.png */,
				8AFA774A1B8EA5D800BA2348 /* star_outline.png */,
				8AFA774B1B8EA5D800BA2348 /* star.png */,
				8AFA77531B8EA6CA00BA2348 /* Roboto-Light.ttf */,
				8AFA77541B8EA6CA00BA2348 /* Roboto-Regular.ttf */,
				8AFA77551B8EA7B600BA2348 /* ic_launcher_hdpi.png */,
				8AFA77571B8EA7D200BA2348 /* ic_launcher_xxxhdpi.png */,
				8AFA77591B8EA7D800BA2348 /* ic_launcher_xxhdpi.png */,
				8AFA775B1B8EA7E100BA2348 /* ic_launcher_xhdpi.png */,
				8AFA775D1B8EA7E700BA2348 /* ic_launcher_mdpi.png */,
			);
			name = Assets;
			sourceTree = "<group>";
		};
/* End PBXGroup section */

/* Begin PBXNativeTarget section */
		6EEC25821B84DEBF00E6A6AB /* Mapudungun */ = {
			isa = PBXNativeTarget;
			buildConfigurationList = 6EEC25A21B84DEBF00E6A6AB /* Build configuration list for PBXNativeTarget "Mapudungun" */;
			buildPhases = (
				6EEC257F1B84DEBF00E6A6AB /* Sources */,
				6EEC25801B84DEBF00E6A6AB /* Frameworks */,
				6EEC25811B84DEBF00E6A6AB /* Resources */,
			);
			buildRules = (
			);
			dependencies = (
			);
			name = Mapudungun;
			productName = Mapudungun;
			productReference = 6EEC25831B84DEBF00E6A6AB /* Mapudungun.app */;
			productType = "com.apple.product-type.application";
		};
		6EEC25971B84DEBF00E6A6AB /* MapudungunTests */ = {
			isa = PBXNativeTarget;
			buildConfigurationList = 6EEC25A51B84DEBF00E6A6AB /* Build configuration list for PBXNativeTarget "MapudungunTests" */;
			buildPhases = (
				6EEC25941B84DEBF00E6A6AB /* Sources */,
				6EEC25951B84DEBF00E6A6AB /* Frameworks */,
				6EEC25961B84DEBF00E6A6AB /* Resources */,
			);
			buildRules = (
			);
			dependencies = (
				6EEC259A1B84DEBF00E6A6AB /* PBXTargetDependency */,
			);
			name = MapudungunTests;
			productName = MapudungunTests;
			productReference = 6EEC25981B84DEBF00E6A6AB /* MapudungunTests.xctest */;
			productType = "com.apple.product-type.bundle.unit-test";
		};
/* End PBXNativeTarget section */

/* Begin PBXProject section */
		6EEC257B1B84DEBF00E6A6AB /* Project object */ = {
			isa = PBXProject;
			attributes = {
				LastUpgradeCheck = 0640;
				ORGANIZATIONNAME = "Pablo Araya Romero";
				TargetAttributes = {
					6EEC25821B84DEBF00E6A6AB = {
						CreatedOnToolsVersion = 6.4;
					};
					6EEC25971B84DEBF00E6A6AB = {
						CreatedOnToolsVersion = 6.4;
						TestTargetID = 6EEC25821B84DEBF00E6A6AB;
					};
				};
			};
			buildConfigurationList = 6EEC257E1B84DEBF00E6A6AB /* Build configuration list for PBXProject "Mapudungun" */;
			compatibilityVersion = "Xcode 3.2";
			developmentRegion = English;
			hasScannedForEncodings = 0;
			knownRegions = (
				en,
				Base,
			);
			mainGroup = 6EEC257A1B84DEBF00E6A6AB;
			productRefGroup = 6EEC25841B84DEBF00E6A6AB /* Products */;
			projectDirPath = "";
			projectRoot = "";
			targets = (
				6EEC25821B84DEBF00E6A6AB /* Mapudungun */,
				6EEC25971B84DEBF00E6A6AB /* MapudungunTests */,
			);
		};
/* End PBXProject section */

/* Begin PBXResourcesBuildPhase section */
		6EEC25811B84DEBF00E6A6AB /* Resources */ = {
			isa = PBXResourcesBuildPhase;
			buildActionMask = 2147483647;
			files = (
				8AFA77581B8EA7D200BA2348 /* ic_launcher_xxxhdpi.png in Resources */,
				8AFA775E1B8EA7E700BA2348 /* ic_launcher_mdpi.png in Resources */,
				8AFA774D1B8EA5D800BA2348 /* change.png in Resources */,
				8AFA775A1B8EA7D800BA2348 /* ic_launcher_xxhdpi.png in Resources */,
				8AFA774E1B8EA5D800BA2348 /* restart.png in Resources */,
				8AFA77511B8EA5D800BA2348 /* star.png in Resources */,
				6EEC258E1B84DEBF00E6A6AB /* Main.storyboard in Resources */,
				8AFA774F1B8EA5D800BA2348 /* share.png in Resources */,
				8AFA775C1B8EA7E100BA2348 /* ic_launcher_xhdpi.png in Resources */,
				8AFA77501B8EA5D800BA2348 /* star_outline.png in Resources */,
				8AFA774C1B8EA5D800BA2348 /* background.png in Resources */,
				6EEC25931B84DEBF00E6A6AB /* LaunchScreen.xib in Resources */,
				8AFA77561B8EA7B600BA2348 /* ic_launcher_hdpi.png in Resources */,
				6EEC25901B84DEBF00E6A6AB /* Images.xcassets in Resources */,
			);
			runOnlyForDeploymentPostprocessing = 0;
		};
		6EEC25961B84DEBF00E6A6AB /* Resources */ = {
			isa = PBXResourcesBuildPhase;
			buildActionMask = 2147483647;
			files = (
			);
			runOnlyForDeploymentPostprocessing = 0;
		};
/* End PBXResourcesBuildPhase section */

/* Begin PBXSourcesBuildPhase section */
		6EEC257F1B84DEBF00E6A6AB /* Sources */ = {
			isa = PBXSourcesBuildPhase;
			buildActionMask = 2147483647;
			files = (
				6EEC258B1B84DEBF00E6A6AB /* ViewController.swift in Sources */,
				6EEC25891B84DEBF00E6A6AB /* AppDelegate.swift in Sources */,
			);
			runOnlyForDeploymentPostprocessing = 0;
		};
		6EEC25941B84DEBF00E6A6AB /* Sources */ = {
			isa = PBXSourcesBuildPhase;
			buildActionMask = 2147483647;
			files = (
				6EEC259F1B84DEBF00E6A6AB /* MapudungunTests.swift in Sources */,
			);
			runOnlyForDeploymentPostprocessing = 0;
		};
/* End PBXSourcesBuildPhase section */

/* Begin PBXTargetDependency section */
		6EEC259A1B84DEBF00E6A6AB /* PBXTargetDependency */ = {
			isa = PBXTargetDependency;
			target = 6EEC25821B84DEBF00E6A6AB /* Mapudungun */;
			targetProxy = 6EEC25991B84DEBF00E6A6AB /* PBXContainerItemProxy */;
		};
/* End PBXTargetDependency section */

/* Begin PBXVariantGroup section */
		6EEC258C1B84DEBF00E6A6AB /* Main.storyboard */ = {
			isa = PBXVariantGroup;
			children = (
				6EEC258D1B84DEBF00E6A6AB /* Base */,
			);
			name = Main.storyboard;
			sourceTree = "<group>";
		};
		6EEC25911B84DEBF00E6A6AB /* LaunchScreen.xib */ = {
			isa = PBXVariantGroup;
			children = (
				6EEC25921B84DEBF00E6A6AB /* Base */,
			);
			name = LaunchScreen.xib;
			sourceTree = "<group>";
		};
/* End PBXVariantGroup section */

/* Begin XCBuildConfiguration section */
		6EEC25A01B84DEBF00E6A6AB /* Debug */ = {
			isa = XCBuildConfiguration;
			buildSettings = {
				ALWAYS_SEARCH_USER_PATHS = NO;
				CLANG_CXX_LANGUAGE_STANDARD = "gnu++0x";
				CLANG_CXX_LIBRARY = "libc++";
				CLANG_ENABLE_MODULES = YES;
				CLANG_ENABLE_OBJC_ARC = YES;
				CLANG_WARN_BOOL_CONVERSION = YES;
				CLANG_WARN_CONSTANT_CONVERSION = YES;
				CLANG_WARN_DIRECT_OBJC_ISA_USAGE = YES_ERROR;
				CLANG_WARN_EMPTY_BODY = YES;
				CLANG_WARN_ENUM_CONVERSION = YES;
				CLANG_WARN_INT_CONVERSION = YES;
				CLANG_WARN_OBJC_ROOT_CLASS = YES_ERROR;
				CLANG_WARN_UNREACHABLE_CODE = YES;
				CLANG_WARN__DUPLICATE_METHOD_MATCH = YES;
				"CODE_SIGN_IDENTITY[sdk=iphoneos*]" = "iPhone Developer";
				COPY_PHASE_STRIP = NO;
				DEBUG_INFORMATION_FORMAT = "dwarf-with-dsym";
				ENABLE_STRICT_OBJC_MSGSEND = YES;
				GCC_C_LANGUAGE_STANDARD = gnu99;
				GCC_DYNAMIC_NO_PIC = NO;
				GCC_NO_COMMON_BLOCKS = YES;
				GCC_OPTIMIZATION_LEVEL = 0;
				GCC_PREPROCESSOR_DEFINITIONS = (
					"DEBUG=1",
					"$(inherited)",
				);
				GCC_SYMBOLS_PRIVATE_EXTERN = NO;
				GCC_WARN_64_TO_32_BIT_CONVERSION = YES;
				GCC_WARN_ABOUT_RETURN_TYPE = YES_ERROR;
				GCC_WARN_UNDECLARED_SELECTOR = YES;
				GCC_WARN_UNINITIALIZED_AUTOS = YES_AGGRESSIVE;
				GCC_WARN_UNUSED_FUNCTION = YES;
				GCC_WARN_UNUSED_VARIABLE = YES;
				IPHONEOS_DEPLOYMENT_TARGET = 8.4;
				MTL_ENABLE_DEBUG_INFO = YES;
				ONLY_ACTIVE_ARCH = YES;
				SDKROOT = iphoneos;
				SWIFT_OPTIMIZATION_LEVEL = "-Onone";
			};
			name = Debug;
		};
		6EEC25A11B84DEBF00E6A6AB /* Release */ = {
			isa = XCBuildConfiguration;
			buildSettings = {
				ALWAYS_SEARCH_USER_PATHS = NO;
				CLANG_CXX_LANGUAGE_STANDARD = "gnu++0x";
				CLANG_CXX_LIBRARY = "libc++";
				CLANG_ENABLE_MODULES = YES;
				CLANG_ENABLE_OBJC_ARC = YES;
				CLANG_WARN_BOOL_CONVERSION = YES;
				CLANG_WARN_CONSTANT_CONVERSION = YES;
				CLANG_WARN_DIRECT_OBJC_ISA_USAGE = YES_ERROR;
				CLANG_WARN_EMPTY_BODY = YES;
				CLANG_WARN_ENUM_CONVERSION = YES;
				CLANG_WARN_INT_CONVERSION = YES;
				CLANG_WARN_OBJC_ROOT_CLASS = YES_ERROR;
				CLANG_WARN_UNREACHABLE_CODE = YES;
				CLANG_WARN__DUPLICATE_METHOD_MATCH = YES;
				"CODE_SIGN_IDENTITY[sdk=iphoneos*]" = "iPhone Developer";
				COPY_PHASE_STRIP = NO;
				DEBUG_INFORMATION_FORMAT = "dwarf-with-dsym";
				ENABLE_NS_ASSERTIONS = NO;
				ENABLE_STRICT_OBJC_MSGSEND = YES;
				GCC_C_LANGUAGE_STANDARD = gnu99;
				GCC_NO_COMMON_BLOCKS = YES;
				GCC_WARN_64_TO_32_BIT_CONVERSION = YES;
				GCC_WARN_ABOUT_RETURN_TYPE = YES_ERROR;
				GCC_WARN_UNDECLARED_SELECTOR = YES;
				GCC_WARN_UNINITIALIZED_AUTOS = YES_AGGRESSIVE;
				GCC_WARN_UNUSED_FUNCTION = YES;
				GCC_WARN_UNUSED_VARIABLE = YES;
				IPHONEOS_DEPLOYMENT_TARGET = 8.4;
				MTL_ENABLE_DEBUG_INFO = NO;
				SDKROOT = iphoneos;
				VALIDATE_PRODUCT = YES;
			};
			name = Release;
		};
		6EEC25A31B84DEBF00E6A6AB /* Debug */ = {
			isa = XCBuildConfiguration;
			buildSettings = {
				ASSETCATALOG_COMPILER_APPICON_NAME = AppIcon;
				INFOPLIST_FILE = Mapudungun/Info.plist;
				LD_RUNPATH_SEARCH_PATHS = "$(inherited) @executable_path/Frameworks";
				PRODUCT_NAME = "$(TARGET_NAME)";
			};
			name = Debug;
		};
		6EEC25A41B84DEBF00E6A6AB /* Release */ = {
			isa = XCBuildConfiguration;
			buildSettings = {
				ASSETCATALOG_COMPILER_APPICON_NAME = AppIcon;
				INFOPLIST_FILE = Mapudungun/Info.plist;
				LD_RUNPATH_SEARCH_PATHS = "$(inherited) @executable_path/Frameworks";
				PRODUCT_NAME = "$(TARGET_NAME)";
			};
			name = Release;
		};
		6EEC25A61B84DEBF00E6A6AB /* Debug */ = {
			isa = XCBuildConfiguration;
			buildSettings = {
				BUNDLE_LOADER = "$(TEST_HOST)";
				FRAMEWORK_SEARCH_PATHS = (
					"$(SDKROOT)/Developer/Library/Frameworks",
					"$(inherited)",
				);
				GCC_PREPROCESSOR_DEFINITIONS = (
					"DEBUG=1",
					"$(inherited)",
				);
				INFOPLIST_FILE = MapudungunTests/Info.plist;
				LD_RUNPATH_SEARCH_PATHS = "$(inherited) @executable_path/Frameworks @loader_path/Frameworks";
				PRODUCT_NAME = "$(TARGET_NAME)";
				TEST_HOST = "$(BUILT_PRODUCTS_DIR)/Mapudungun.app/Mapudungun";
			};
			name = Debug;
		};
		6EEC25A71B84DEBF00E6A6AB /* Release */ = {
			isa = XCBuildConfiguration;
			buildSettings = {
				BUNDLE_LOADER = "$(TEST_HOST)";
				FRAMEWORK_SEARCH_PATHS = (
					"$(SDKROOT)/Developer/Library/Frameworks",
					"$(inherited)",
				);
				INFOPLIST_FILE = MapudungunTests/Info.plist;
				LD_RUNPATH_SEARCH_PATHS = "$(inherited) @executable_path/Frameworks @loader_path/Frameworks";
				PRODUCT_NAME = "$(TARGET_NAME)";
				TEST_HOST = "$(BUILT_PRODUCTS_DIR)/Mapudungun.app/Mapudungun";
			};
			name = Release;
		};
/* End XCBuildConfiguration section */

/* Begin XCConfigurationList section */
		6EEC257E1B84DEBF00E6A6AB /* Build configuration list for PBXProject "Mapudungun" */ = {
			isa = XCConfigurationList;
			buildConfigurations = (
				6EEC25A01B84DEBF00E6A6AB /* Debug */,
				6EEC25A11B84DEBF00E6A6AB /* Release */,
			);
			defaultConfigurationIsVisible = 0;
			defaultConfigurationName = Release;
		};
		6EEC25A21B84DEBF00E6A6AB /* Build configuration list for PBXNativeTarget "Mapudungun" */ = {
			isa = XCConfigurationList;
			buildConfigurations = (
				6EEC25A31B84DEBF00E6A6AB /* Debug */,
				6EEC25A41B84DEBF00E6A6AB /* Release */,
			);
			defaultConfigurationIsVisible = 0;
			defaultConfigurationName = Release;
		};
		6EEC25A51B84DEBF00E6A6AB /* Build configuration list for PBXNativeTarget "MapudungunTests" */ = {
			isa = XCConfigurationList;
			buildConfigurations = (
				6EEC25A61B84DEBF00E6A6AB /* Debug */,
				6EEC25A71B84DEBF00E6A6AB /* Release */,
			);
			defaultConfigurationIsVisible = 0;
			defaultConfigurationName = Release;
		};
/* End XCConfigurationList section */
	};
	rootObject = 6EEC257B1B84DEBF00E6A6AB /* Project object */;
}
